
Microsoft Visual Studio Solution File, Format Version 12.00
# Visual Studio 14
VisualStudioVersion = 14.0.25420.1
MinimumVisualStudioVersion = 10.0.40219.1
Project("{FAE04EC0-301F-11D3-BF4B-00C04F79EFBC}") = "TDDTakenPalindroom", "TDDTakenPalindroom\TDDTakenPalindroom.csproj", "{1451E7F3-B1AD-4513-852A-358341195DD2}"
EndProject
Project("{FAE04EC0-301F-11D3-BF4B-00C04F79EFBC}") = "TDDTakenPalindroomTest", "TDDTakenPalindroomTest\TDDTakenPalindroomTest.csproj", "{0F0A2DA1-C227-4F6B-BDE2-3435455EB224}"
EndProject
Global
	GlobalSection(SolutionConfigurationPlatforms) = preSolution
		Debug|Any CPU = Debug|Any CPU
		Release|Any CPU = Release|Any CPU
	EndGlobalSection
	GlobalSection(ProjectConfigurationPlatforms) = postSolution
		{1451E7F3-B1AD-4513-852A-358341195DD2}.Debug|Any CPU.ActiveCfg = Debug|Any CPU
		{1451E7F3-B1AD-4513-852A-358341195DD2}.Debug|Any CPU.Build.0 = Debug|Any CPU
		{1451E7F3-B1AD-4513-852A-358341195DD2}.Release|Any CPU.ActiveCfg = Release|Any CPU
		{1451E7F3-B1AD-4513-852A-358341195DD2}.Release|Any CPU.Build.0 = Release|Any CPU
		{0F0A2DA1-C227-4F6B-BDE2-3435455EB224}.Debug|Any CPU.ActiveCfg = Debug|Any CPU
		{0F0A2DA1-C227-4F6B-BDE2-3435455EB224}.Debug|Any CPU.Build.0 = Debug|Any CPU
		{0F0A2DA1-C227-4F6B-BDE2-3435455EB224}.Release|Any CPU.ActiveCfg = Release|Any CPU
		{0F0A2DA1-C227-4F6B-BDE2-3435455EB224}.Release|Any CPU.Build.0 = Release|Any CPU
	EndGlobalSection
	GlobalSection(SolutionProperties) = preSolution
		HideSolutionNode = FALSE
	EndGlobalSection
EndGlobal
